
Microsoft Visual Studio Solution File, Format Version 12.00
# Visual Studio 15
VisualStudioVersion = 15.0.28307.136
MinimumVisualStudioVersion = 10.0.40219.1
Project("{FAE04EC0-301F-11D3-BF4B-00C04F79EFBC}") = "NDATask", "NDATask\NDATask.csproj", "{FB273B11-30A0-48B8-B04C-D9EAFB592F8B}"
EndProject
Global
	GlobalSection(SolutionConfigurationPlatforms) = preSolution
		Debug|Any CPU = Debug|Any CPU
		Release|Any CPU = Release|Any CPU
	EndGlobalSection
	GlobalSection(ProjectConfigurationPlatforms) = postSolution
		{FB273B11-30A0-48B8-B04C-D9EAFB592F8B}.Debug|Any CPU.ActiveCfg = Debug|Any CPU
		{FB273B11-30A0-48B8-B04C-D9EAFB592F8B}.Debug|Any CPU.Build.0 = Debug|Any CPU
		{FB273B11-30A0-48B8-B04C-D9EAFB592F8B}.Release|Any CPU.ActiveCfg = Release|Any CPU
		{FB273B11-30A0-48B8-B04C-D9EAFB592F8B}.Release|Any CPU.Build.0 = Release|Any CPU
	EndGlobalSection
	GlobalSection(SolutionProperties) = preSolution
		HideSolutionNode = FALSE
	EndGlobalSection
	GlobalSection(ExtensibilityGlobals) = postSolution
		SolutionGuid = {F676D883-B0CD-4FEA-8B97-CF6DB2F2269A}
	EndGlobalSection
EndGlobal
